
Microsoft Visual Studio Solution File, Format Version 12.00
# Visual Studio Version 17
VisualStudioVersion = 17.2.32630.192
MinimumVisualStudioVersion = 10.0.40219.1
Project("{FAE04EC0-301F-11D3-BF4B-00C04F79EFBC}") = "CryptocurrencyInfo", "CryptocurrencyInfo\CryptocurrencyInfo.csproj", "{BA9EABF8-60D2-4F70-A19F-47E5F7681682}"
EndProject
Global
	GlobalSection(SolutionConfigurationPlatforms) = preSolution
		Debug|Any CPU = Debug|Any CPU
		Release|Any CPU = Release|Any CPU
	EndGlobalSection
	GlobalSection(ProjectConfigurationPlatforms) = postSolution
		{BA9EABF8-60D2-4F70-A19F-47E5F7681682}.Debug|Any CPU.ActiveCfg = Debug|Any CPU
		{BA9EABF8-60D2-4F70-A19F-47E5F7681682}.Debug|Any CPU.Build.0 = Debug|Any CPU
		{BA9EABF8-60D2-4F70-A19F-47E5F7681682}.Release|Any CPU.ActiveCfg = Release|Any CPU
		{BA9EABF8-60D2-4F70-A19F-47E5F7681682}.Release|Any CPU.Build.0 = Release|Any CPU
	EndGlobalSection
	GlobalSection(SolutionProperties) = preSolution
		HideSolutionNode = FALSE
	EndGlobalSection
	GlobalSection(ExtensibilityGlobals) = postSolution
		SolutionGuid = {3E77AD72-BD95-473E-B9EB-AE1C5C210933}
	EndGlobalSection
EndGlobal
